// !$*UTF8*$!
{
	archiveVersion = 1;
	classes = {
	};
	objectVersion = 77;
	objects = {

/* Begin PBXBuildFile section */
		FBE7B23F2F2F3F8700129B4A /* .gitignore in Resources */ = {isa = PBXBuildFile; fileRef = FBE7B23E2F2F3F8300129B4A /* .gitignore */; };
		FBE7B2402F2F400000129B4A /* AudioKit in Frameworks */ = {isa = PBXBuildFile; productRef = FBE7B2412F2F400000129B4A /* AudioKit */; };
		FBE7B2432F2F400100129B4A /* SoundpipeAudioKit in Frameworks */ = {isa = PBXBuildFile; productRef = FBE7B2442F2F400100129B4A /* SoundpipeAudioKit */; };
/* End PBXBuildFile section */

/* Begin PBXContainerItemProxy section */
		FBE7B2222F2F304900129B4A /* PBXContainerItemProxy */ = {
			isa = PBXContainerItemProxy;
			containerPortal = FBE7B20C2F2F304800129B4A /* Project object */;
			proxyType = 1;
			remoteGlobalIDString = FBE7B2132F2F304800129B4A;
			remoteInfo = PitchPup;
		};
		FBE7B22C2F2F304900129B4A /* PBXContainerItemProxy */ = {
			isa = PBXContainerItemProxy;
			containerPortal = FBE7B20C2F2F304800129B4A /* Project object */;
			proxyType = 1;
			remoteGlobalIDString = FBE7B2132F2F304800129B4A;
			remoteInfo = PitchPup;
		};
/* End PBXContainerItemProxy section */

/* Begin PBXFileReference section */
		FBE7B2142F2F304800129B4A /* PitchPup.app */ = {isa = PBXFileReference; explicitFileType = wrapper.application; includeInIndex = 0; path = PitchPup.app; sourceTree = BUILT_PRODUCTS_DIR; };
		FBE7B2212F2F304900129B4A /* PitchPupTests.xctest */ = {isa = PBXFileReference; explicitFileType = wrapper.cfbundle; includeInIndex = 0; path = PitchPupTests.xctest; sourceTree = BUILT_PRODUCTS_DIR; };
		FBE7B22B2F2F304900129B4A /* PitchPupUITests.xctest */ = {isa = PBXFileReference; explicitFileType = wrapper.cfbundle; includeInIndex = 0; path = PitchPupUITests.xctest; sourceTree = BUILT_PRODUCTS_DIR; };
		FBE7B23E2F2F3F8300129B4A /* .gitignore */ = {isa = PBXFileReference; lastKnownFileType = text; path = .gitignore; sourceTree = "<group>"; };
/* End PBXFileReference section */

/* Begin PBXFileSystemSynchronizedRootGroup section */
		FBE7B2162F2F304800129B4A /* PitchPup */ = {
			isa = PBXFileSystemSynchronizedRootGroup;
			path = PitchPup;
			sourceTree = "<group>";
		};
		FBE7B2242F2F304900129B4A /* PitchPupTests */ = {
			isa = PBXFileSystemSynchronizedRootGroup;
			path = PitchPupTests;
			sourceTree = "<group>";
		};
		FBE7B22E2F2F304900129B4A /* PitchPupUITests */ = {
			isa = PBXFileSystemSynchronizedRootGroup;
			path = PitchPupUITests;
			sourceTree = "<group>";
		};
/* End PBXFileSystemSynchronizedRootGroup section */

/* Begin PBXFrameworksBuildPhase section */
		FBE7B2112F2F304800129B4A /* Frameworks */ = {
			isa = PBXFrameworksBuildPhase;
			buildActionMask = 2147483647;
			files = (
				FBE7B2402F2F400000129B4A /* AudioKit in Frameworks */,
				FBE7B2432F2F400100129B4A /* SoundpipeAudioKit in Frameworks */,
			);
			runOnlyForDeploymentPostprocessing = 0;
		};
		FBE7B21E2F2F304900129B4A /* Frameworks */ = {
			isa = PBXFrameworksBuildPhase;
			buildActionMask = 2147483647;
			files = (
			);
			runOnlyForDeploymentPostprocessing = 0;
		};
		FBE7B2282F2F304900129B4A /* Frameworks */ = {
			isa = PBXFrameworksBuildPhase;
			buildActionMask = 2147483647;
			files = (
			);
			runOnlyForDeploymentPostprocessing = 0;
		};
/* End PBXFrameworksBuildPhase section */

/* Begin PBXGroup section */
		FBE7B20B2F2F304800129B4A = {
			isa = PBXGroup;
			children = (
				FBE7B23E2F2F3F8300129B4A /* .gitignore */,
				FBE7B2162F2F304800129B4A /* PitchPup */,
				FBE7B2242F2F304900129B4A /* PitchPupTests */,
				FBE7B22E2F2F304900129B4A /* PitchPupUITests */,
				FBE7B2152F2F304800129B4A /* Products */,
			);
			sourceTree = "<group>";
		};
		FBE7B2152F2F304800129B4A /* Products */ = {
			isa = PBXGroup;
			children = (
				FBE7B2142F2F304800129B4A /* PitchPup.app */,
				FBE7B2212F2F304900129B4A /* PitchPupTests.xctest */,
				FBE7B22B2F2F304900129B4A /* PitchPupUITests.xctest */,
			);
			name = Products;
			sourceTree = "<group>";
		};
/* End PBXGroup section */

/* Begin PBXNativeTarget section */
		FBE7B2132F2F304800129B4A /* PitchPup */ = {
			isa = PBXNativeTarget;
			buildConfigurationList = FBE7B2352F2F304900129B4A /* Build configuration list for PBXNativeTarget "PitchPup" */;
			buildPhases = (
				FBE7B2102F2F304800129B4A /* Sources */,
				FBE7B2112F2F304800129B4A /* Frameworks */,
				FBE7B2122F2F304800129B4A /* Resources */,
			);
			buildRules = (
			);
			dependencies = (
			);
			fileSystemSynchronizedGroups = (
				FBE7B2162F2F304800129B4A /* PitchPup */,
			);
			name = PitchPup;
			packageProductDependencies = (
				FBE7B2412F2F400000129B4A /* AudioKit */,
				FBE7B2442F2F400100129B4A /* SoundpipeAudioKit */,
			);
			productName = PitchPup;
			productReference = FBE7B2142F2F304800129B4A /* PitchPup.app */;
			productType = "com.apple.product-type.application";
		};
		FBE7B2202F2F304900129B4A /* PitchPupTests */ = {
			isa = PBXNativeTarget;
			buildConfigurationList = FBE7B2382F2F304900129B4A /* Build configuration list for PBXNativeTarget "PitchPupTests" */;
			buildPhases = (
				FBE7B21D2F2F304900129B4A /* Sources */,
				FBE7B21E2F2F304900129B4A /* Frameworks */,
				FBE7B21F2F2F304900129B4A /* Resources */,
			);
			buildRules = (
			);
			dependencies = (
				FBE7B2232F2F304900129B4A /* PBXTargetDependency */,
			);
			fileSystemSynchronizedGroups = (
				FBE7B2242F2F304900129B4A /* PitchPupTests */,
			);
			name = PitchPupTests;
			packageProductDependencies = (
			);
			productName = PitchPupTests;
			productReference = FBE7B2212F2F304900129B4A /* PitchPupTests.xctest */;
			productType = "com.apple.product-type.bundle.unit-test";
		};
		FBE7B22A2F2F304900129B4A /* PitchPupUITests */ = {
			isa = PBXNativeTarget;
			buildConfigurationList = FBE7B23B2F2F304900129B4A /* Build configuration list for PBXNativeTarget "PitchPupUITests" */;
			buildPhases = (
				FBE7B2272F2F304900129B4A /* Sources */,
				FBE7B2282F2F304900129B4A /* Frameworks */,
				FBE7B2292F2F304900129B4A /* Resources */,
			);
			buildRules = (
			);
			dependencies = (
				FBE7B22D2F2F304900129B4A /* PBXTargetDependency */,
			);
			fileSystemSynchronizedGroups = (
				FBE7B22E2F2F304900129B4A /* PitchPupUITests */,
			);
			name = PitchPupUITests;
			packageProductDependencies = (
			);
			productName = PitchPupUITests;
			productReference = FBE7B22B2F2F304900129B4A /* PitchPupUITests.xctest */;
			productType = "com.apple.product-type.bundle.ui-testing";
		};
/* End PBXNativeTarget section */

/* Begin PBXProject section */
		FBE7B20C2F2F304800129B4A /* Project object */ = {
			isa = PBXProject;
			attributes = {
				BuildIndependentTargetsInParallel = 1;
				LastSwiftUpdateCheck = 2600;
				LastUpgradeCheck = 2600;
				TargetAttributes = {
					FBE7B2132F2F304800129B4A = {
						CreatedOnToolsVersion = 26.0;
					};
					FBE7B2202F2F304900129B4A = {
						CreatedOnToolsVersion = 26.0;
						TestTargetID = FBE7B2132F2F304800129B4A;
					};
					FBE7B22A2F2F304900129B4A = {
						CreatedOnToolsVersion = 26.0;
						TestTargetID = FBE7B2132F2F304800129B4A;
					};
				};
			};
			buildConfigurationList = FBE7B20F2F2F304800129B4A /* Build configuration list for PBXProject "PitchPup" */;
			developmentRegion = en;
			hasScannedForEncodings = 0;
			knownRegions = (
				en,
				Base,
			);
			mainGroup = FBE7B20B2F2F304800129B4A;
			minimizedProjectReferenceProxies = 1;
			packageReferences = (
				FBE7B2422F2F400000129B4A /* XCRemoteSwiftPackageReference "AudioKit" */,
				FBE7B2452F2F400100129B4A /* XCRemoteSwiftPackageReference "SoundpipeAudioKit" */,
			);
			preferredProjectObjectVersion = 77;
			productRefGroup = FBE7B2152F2F304800129B4A /* Products */;
			projectDirPath = "";
			projectRoot = "";
			targets = (
				FBE7B2132F2F304800129B4A /* PitchPup */,
				FBE7B2202F2F304900129B4A /* PitchPupTests */,
				FBE7B22A2F2F304900129B4A /* PitchPupUITests */,
			);
		};
/* End PBXProject section */

/* Begin PBXResourcesBuildPhase section */
		FBE7B2122F2F304800129B4A /* Resources */ = {
			isa = PBXResourcesBuildPhase;
			buildActionMask = 2147483647;
			files = (
				FBE7B23F2F2F3F8700129B4A /* .gitignore in Resources */,
			);
			runOnlyForDeploymentPostprocessing = 0;
		};
		FBE7B21F2F2F304900129B4A /* Resources */ = {
			isa = PBXResourcesBuildPhase;
			buildActionMask = 2147483647;
			files = (
			);
			runOnlyForDeploymentPostprocessing = 0;
		};
		FBE7B2292F2F304900129B4A /* Resources */ = {
			isa = PBXResourcesBuildPhase;
			buildActionMask = 2147483647;
			files = (
			);
			runOnlyForDeploymentPostprocessing = 0;
		};
/* End PBXResourcesBuildPhase section */

/* Begin PBXSourcesBuildPhase section */
		FBE7B2102F2F304800129B4A /* Sources */ = {
			isa = PBXSourcesBuildPhase;
			buildActionMask = 2147483647;
			files = (
			);
			runOnlyForDeploymentPostprocessing = 0;
		};
		FBE7B21D2F2F304900129B4A /* Sources */ = {
			isa = PBXSourcesBuildPhase;
			buildActionMask = 2147483647;
			files = (
			);
			runOnlyForDeploymentPostprocessing = 0;
		};
		FBE7B2272F2F304900129B4A /* Sources */ = {
			isa = PBXSourcesBuildPhase;
			buildActionMask = 2147483647;
			files = (
			);
			runOnlyForDeploymentPostprocessing = 0;
		};
/* End PBXSourcesBuildPhase section */

/* Begin PBXTargetDependency section */
		FBE7B2232F2F304900129B4A /* PBXTargetDependency */ = {
			isa = PBXTargetDependency;
			target = FBE7B2132F2F304800129B4A /* PitchPup */;
			targetProxy = FBE7B2222F2F304900129B4A /* PBXContainerItemProxy */;
		};
		FBE7B22D2F2F304900129B4A /* PBXTargetDependency */ = {
			isa = PBXTargetDependency;
			target = FBE7B2132F2F304800129B4A /* PitchPup */;
			targetProxy = FBE7B22C2F2F304900129B4A /* PBXContainerItemProxy */;
		};
/* End PBXTargetDependency section */

/* Begin XCBuildConfiguration section */
		FBE7B2332F2F304900129B4A /* Debug */ = {
			isa = XCBuildConfiguration;
			buildSettings = {
				ALWAYS_SEARCH_USER_PATHS = NO;
				ASSETCATALOG_COMPILER_GENERATE_SWIFT_ASSET_SYMBOL_EXTENSIONS = YES;
				CLANG_ANALYZER_NONNULL = YES;
				CLANG_ANALYZER_NUMBER_OBJECT_CONVERSION = YES_AGGRESSIVE;
				CLANG_CXX_LANGUAGE_STANDARD = "gnu++20";
				CLANG_ENABLE_MODULES = YES;
				CLANG_ENABLE_OBJC_ARC = YES;
				CLANG_ENABLE_OBJC_WEAK = YES;
				CLANG_WARN_BLOCK_CAPTURE_AUTORELEASING = YES;
				CLANG_WARN_BOOL_CONVERSION = YES;
				CLANG_WARN_COMMA = YES;
				CLANG_WARN_CONSTANT_CONVERSION = YES;
				CLANG_WARN_DEPRECATED_OBJC_IMPLEMENTATIONS = YES;
				CLANG_WARN_DIRECT_OBJC_ISA_USAGE = YES_ERROR;
				CLANG_WARN_DOCUMENTATION_COMMENTS = YES;
				CLANG_WARN_EMPTY_BODY = YES;
				CLANG_WARN_ENUM_CONVERSION = YES;
				CLANG_WARN_INFINITE_RECURSION = YES;
				CLANG_WARN_INT_CONVERSION = YES;
				CLANG_WARN_NON_LITERAL_NULL_CONVERSION = YES;
				CLANG_WARN_OBJC_IMPLICIT_RETAIN_SELF = YES;
				CLANG_WARN_OBJC_LITERAL_CONVERSION = YES;
				CLANG_WARN_OBJC_ROOT_CLASS = YES_ERROR;
				CLANG_WARN_QUOTED_INCLUDE_IN_FRAMEWORK_HEADER = YES;
				CLANG_WARN_RANGE_LOOP_ANALYSIS = YES;
				CLANG_WARN_STRICT_PROTOTYPES = YES;
				CLANG_WARN_SUSPICIOUS_MOVE = YES;
				CLANG_WARN_UNGUARDED_AVAILABILITY = YES_AGGRESSIVE;
				CLANG_WARN_UNREACHABLE_CODE = YES;
				CLANG_WARN__DUPLICATE_METHOD_MATCH = YES;
				COPY_PHASE_STRIP = NO;
				DEBUG_INFORMATION_FORMAT = dwarf;
				DEVELOPMENT_TEAM = 2MA4L2CQD2;
				ENABLE_STRICT_OBJC_MSGSEND = YES;
				ENABLE_TESTABILITY = YES;
				ENABLE_USER_SCRIPT_SANDBOXING = YES;
				GCC_C_LANGUAGE_STANDARD = gnu17;
				GCC_DYNAMIC_NO_PIC = NO;
				GCC_NO_COMMON_BLOCKS = YES;
				GCC_OPTIMIZATION_LEVEL = 0;
				GCC_PREPROCESSOR_DEFINITIONS = (
					"DEBUG=1",
					"$(inherited)",
				);
				GCC_WARN_64_TO_32_BIT_CONVERSION = YES;
				GCC_WARN_ABOUT_RETURN_TYPE = YES_ERROR;
				GCC_WARN_UNDECLARED_SELECTOR = YES;
				GCC_WARN_UNINITIALIZED_AUTOS = YES_AGGRESSIVE;
				GCC_WARN_UNUSED_FUNCTION = YES;
				GCC_WARN_UNUSED_VARIABLE = YES;
				LOCALIZATION_PREFERS_STRING_CATALOGS = YES;
				MACOSX_DEPLOYMENT_TARGET = 26.0;
				MTL_ENABLE_DEBUG_INFO = INCLUDE_SOURCE;
				MTL_FAST_MATH = YES;
				ONLY_ACTIVE_ARCH = YES;
				SDKROOT = macosx;
				SWIFT_ACTIVE_COMPILATION_CONDITIONS = "DEBUG $(inherited)";
				SWIFT_OPTIMIZATION_LEVEL = "-Onone";
			};
			name = Debug;
		};
		FBE7B2342F2F304900129B4A /* Release */ = {
			isa = XCBuildConfiguration;
			buildSettings = {
				ALWAYS_SEARCH_USER_PATHS = NO;
				ASSETCATALOG_COMPILER_GENERATE_SWIFT_ASSET_SYMBOL_EXTENSIONS = YES;
				CLANG_ANALYZER_NONNULL = YES;
				CLANG_ANALYZER_NUMBER_OBJECT_CONVERSION = YES_AGGRESSIVE;
				CLANG_CXX_LANGUAGE_STANDARD = "gnu++20";
				CLANG_ENABLE_MODULES = YES;
				CLANG_ENABLE_OBJC_ARC = YES;
				CLANG_ENABLE_OBJC_WEAK = YES;
				CLANG_WARN_BLOCK_CAPTURE_AUTORELEASING = YES;
				CLANG_WARN_BOOL_CONVERSION = YES;
				CLANG_WARN_COMMA = YES;
				CLANG_WARN_CONSTANT_CONVERSION = YES;
				CLANG_WARN_DEPRECATED_OBJC_IMPLEMENTATIONS = YES;
				CLANG_WARN_DIRECT_OBJC_ISA_USAGE = YES_ERROR;
				CLANG_WARN_DOCUMENTATION_COMMENTS = YES;
				CLANG_WARN_EMPTY_BODY = YES;
				CLANG_WARN_ENUM_CONVERSION = YES;
				CLANG_WARN_INFINITE_RECURSION = YES;
				CLANG_WARN_INT_CONVERSION = YES;
				CLANG_WARN_NON_LITERAL_NULL_CONVERSION = YES;
				CLANG_WARN_OBJC_IMPLICIT_RETAIN_SELF = YES;
				CLANG_WARN_OBJC_LITERAL_CONVERSION = YES;
				CLANG_WARN_OBJC_ROOT_CLASS = YES_ERROR;
				CLANG_WARN_QUOTED_INCLUDE_IN_FRAMEWORK_HEADER = YES;
				CLANG_WARN_RANGE_LOOP_ANALYSIS = YES;
				CLANG_WARN_STRICT_PROTOTYPES = YES;
				CLANG_WARN_SUSPICIOUS_MOVE = YES;
				CLANG_WARN_UNGUARDED_AVAILABILITY = YES_AGGRESSIVE;
				CLANG_WARN_UNREACHABLE_CODE = YES;
				CLANG_WARN__DUPLICATE_METHOD_MATCH = YES;
				COPY_PHASE_STRIP = NO;
				DEBUG_INFORMATION_FORMAT = "dwarf-with-dsym";
				DEVELOPMENT_TEAM = 2MA4L2CQD2;
				ENABLE_NS_ASSERTIONS = NO;
				ENABLE_STRICT_OBJC_MSGSEND = YES;
				ENABLE_USER_SCRIPT_SANDBOXING = YES;
				GCC_C_LANGUAGE_STANDARD = gnu17;
				GCC_NO_COMMON_BLOCKS = YES;
				GCC_WARN_64_TO_32_BIT_CONVERSION = YES;
				GCC_WARN_ABOUT_RETURN_TYPE = YES_ERROR;
				GCC_WARN_UNDECLARED_SELECTOR = YES;
				GCC_WARN_UNINITIALIZED_AUTOS = YES_AGGRESSIVE;
				GCC_WARN_UNUSED_FUNCTION = YES;
				GCC_WARN_UNUSED_VARIABLE = YES;
				LOCALIZATION_PREFERS_STRING_CATALOGS = YES;
				MACOSX_DEPLOYMENT_TARGET = 26.0;
				MTL_ENABLE_DEBUG_INFO = NO;
				MTL_FAST_MATH = YES;
				SDKROOT = macosx;
				SWIFT_COMPILATION_MODE = wholemodule;
			};
			name = Release;
		};
		FBE7B2362F2F304900129B4A /* Debug */ = {
			isa = XCBuildConfiguration;
			buildSettings = {
				ASSETCATALOG_COMPILER_APPICON_NAME = AppIcon;
				ASSETCATALOG_COMPILER_GLOBAL_ACCENT_COLOR_NAME = AccentColor;
				CODE_SIGN_ENTITLEMENTS = PitchPup/PitchPup.entitlements;
				CODE_SIGN_STYLE = Automatic;
				COMBINE_HIDPI_IMAGES = YES;
				CURRENT_PROJECT_VERSION = 1;
				DEVELOPMENT_TEAM = 2MA4L2CQD2;
				ENABLE_APP_SANDBOX = YES;
				ENABLE_HARDENED_RUNTIME = YES;
				ENABLE_PREVIEWS = YES;
				ENABLE_USER_SELECTED_FILES = readonly;
				GENERATE_INFOPLIST_FILE = YES;
				INFOPLIST_FILE = PitchPup/Info.plist;
				INFOPLIST_KEY_LSApplicationCategoryType = "public.app-category.utilities";
				INFOPLIST_KEY_NSHumanReadableCopyright = "";
				LD_RUNPATH_SEARCH_PATHS = (
					"$(inherited)",
					"@executable_path/../Frameworks",
				);
				MACOSX_DEPLOYMENT_TARGET = 14.6;
				MARKETING_VERSION = 1.0;
				PRODUCT_BUNDLE_IDENTIFIER = com.tonarilabs.PitchPup;
				PRODUCT_NAME = "$(TARGET_NAME)";
				REGISTER_APP_GROUPS = YES;
				STRING_CATALOG_GENERATE_SYMBOLS = YES;
				SWIFT_APPROACHABLE_CONCURRENCY = YES;
				SWIFT_DEFAULT_ACTOR_ISOLATION = MainActor;
				SWIFT_EMIT_LOC_STRINGS = YES;
				SWIFT_UPCOMING_FEATURE_MEMBER_IMPORT_VISIBILITY = YES;
				SWIFT_VERSION = 5.0;
			};
			name = Debug;
		};
		FBE7B2372F2F304900129B4A /* Release */ = {
			isa = XCBuildConfiguration;
			buildSettings = {
				ASSETCATALOG_COMPILER_APPICON_NAME = AppIcon;
				ASSETCATALOG_COMPILER_GLOBAL_ACCENT_COLOR_NAME = AccentColor;
				CODE_SIGN_ENTITLEMENTS = PitchPup/PitchPup.entitlements;
				CODE_SIGN_STYLE = Automatic;
				COMBINE_HIDPI_IMAGES = YES;
				CURRENT_PROJECT_VERSION = 1;
				DEVELOPMENT_TEAM = 2MA4L2CQD2;
				ENABLE_APP_SANDBOX = YES;
				ENABLE_HARDENED_RUNTIME = YES;
				ENABLE_PREVIEWS = YES;
				ENABLE_USER_SELECTED_FILES = readonly;
				GENERATE_INFOPLIST_FILE = YES;
				INFOPLIST_FILE = PitchPup/Info.plist;
				INFOPLIST_KEY_LSApplicationCategoryType = "public.app-category.utilities";
				INFOPLIST_KEY_NSHumanReadableCopyright = "";
				LD_RUNPATH_SEARCH_PATHS = (
					"$(inherited)",
					"@executable_path/../Frameworks",
				);
				MACOSX_DEPLOYMENT_TARGET = 14.6;
				MARKETING_VERSION = 1.0;
				PRODUCT_BUNDLE_IDENTIFIER = com.tonarilabs.PitchPup;
				PRODUCT_NAME = "$(TARGET_NAME)";
				REGISTER_APP_GROUPS = YES;
				STRING_CATALOG_GENERATE_SYMBOLS = YES;
				SWIFT_APPROACHABLE_CONCURRENCY = YES;
				SWIFT_DEFAULT_ACTOR_ISOLATION = MainActor;
				SWIFT_EMIT_LOC_STRINGS = YES;
				SWIFT_UPCOMING_FEATURE_MEMBER_IMPORT_VISIBILITY = YES;
				SWIFT_VERSION = 5.0;
			};
			name = Release;
		};
		FBE7B2392F2F304900129B4A /* Debug */ = {
			isa = XCBuildConfiguration;
			buildSettings = {
				BUNDLE_LOADER = "$(TEST_HOST)";
				CODE_SIGN_STYLE = Automatic;
				CURRENT_PROJECT_VERSION = 1;
				DEVELOPMENT_TEAM = 2MA4L2CQD2;
				GENERATE_INFOPLIST_FILE = YES;
				MACOSX_DEPLOYMENT_TARGET = 14.6;
				MARKETING_VERSION = 1.0;
				PRODUCT_BUNDLE_IDENTIFIER = com.tonarilabs.PitchPupTests;
				PRODUCT_NAME = "$(TARGET_NAME)";
				STRING_CATALOG_GENERATE_SYMBOLS = NO;
				SWIFT_APPROACHABLE_CONCURRENCY = YES;
				SWIFT_EMIT_LOC_STRINGS = NO;
				SWIFT_UPCOMING_FEATURE_MEMBER_IMPORT_VISIBILITY = YES;
				SWIFT_VERSION = 5.0;
				TEST_HOST = "$(BUILT_PRODUCTS_DIR)/PitchPup.app/$(BUNDLE_EXECUTABLE_FOLDER_PATH)/PitchPup";
			};
			name = Debug;
		};
		FBE7B23A2F2F304900129B4A /* Release */ = {
			isa = XCBuildConfiguration;
			buildSettings = {
				BUNDLE_LOADER = "$(TEST_HOST)";
				CODE_SIGN_STYLE = Automatic;
				CURRENT_PROJECT_VERSION = 1;
				DEVELOPMENT_TEAM = 2MA4L2CQD2;
				GENERATE_INFOPLIST_FILE = YES;
				MACOSX_DEPLOYMENT_TARGET = 14.6;
				MARKETING_VERSION = 1.0;
				PRODUCT_BUNDLE_IDENTIFIER = com.tonarilabs.PitchPupTests;
				PRODUCT_NAME = "$(TARGET_NAME)";
				STRING_CATALOG_GENERATE_SYMBOLS = NO;
				SWIFT_APPROACHABLE_CONCURRENCY = YES;
				SWIFT_EMIT_LOC_STRINGS = NO;
				SWIFT_UPCOMING_FEATURE_MEMBER_IMPORT_VISIBILITY = YES;
				SWIFT_VERSION = 5.0;
				TEST_HOST = "$(BUILT_PRODUCTS_DIR)/PitchPup.app/$(BUNDLE_EXECUTABLE_FOLDER_PATH)/PitchPup";
			};
			name = Release;
		};
		FBE7B23C2F2F304900129B4A /* Debug */ = {
			isa = XCBuildConfiguration;
			buildSettings = {
				CODE_SIGN_STYLE = Automatic;
				CURRENT_PROJECT_VERSION = 1;
				DEVELOPMENT_TEAM = 2MA4L2CQD2;
				GENERATE_INFOPLIST_FILE = YES;
				MACOSX_DEPLOYMENT_TARGET = 14.6;
				MARKETING_VERSION = 1.0;
				PRODUCT_BUNDLE_IDENTIFIER = com.tonarilabs.PitchPupUITests;
				PRODUCT_NAME = "$(TARGET_NAME)";
				STRING_CATALOG_GENERATE_SYMBOLS = NO;
				SWIFT_APPROACHABLE_CONCURRENCY = YES;
				SWIFT_EMIT_LOC_STRINGS = NO;
				SWIFT_UPCOMING_FEATURE_MEMBER_IMPORT_VISIBILITY = YES;
				SWIFT_VERSION = 5.0;
				TEST_TARGET_NAME = PitchPup;
			};
			name = Debug;
		};
		FBE7B23D2F2F304900129B4A /* Release */ = {
			isa = XCBuildConfiguration;
			buildSettings = {
				CODE_SIGN_STYLE = Automatic;
				CURRENT_PROJECT_VERSION = 1;
				DEVELOPMENT_TEAM = 2MA4L2CQD2;
				GENERATE_INFOPLIST_FILE = YES;
				MACOSX_DEPLOYMENT_TARGET = 14.6;
				MARKETING_VERSION = 1.0;
				PRODUCT_BUNDLE_IDENTIFIER = com.tonarilabs.PitchPupUITests;
				PRODUCT_NAME = "$(TARGET_NAME)";
				STRING_CATALOG_GENERATE_SYMBOLS = NO;
				SWIFT_APPROACHABLE_CONCURRENCY = YES;
				SWIFT_EMIT_LOC_STRINGS = NO;
				SWIFT_UPCOMING_FEATURE_MEMBER_IMPORT_VISIBILITY = YES;
				SWIFT_VERSION = 5.0;
				TEST_TARGET_NAME = PitchPup;
			};
			name = Release;
		};
/* End XCBuildConfiguration section */

/* Begin XCConfigurationList section */
		FBE7B20F2F2F304800129B4A /* Build configuration list for PBXProject "PitchPup" */ = {
			isa = XCConfigurationList;
			buildConfigurations = (
				FBE7B2332F2F304900129B4A /* Debug */,
				FBE7B2342F2F304900129B4A /* Release */,
			);
			defaultConfigurationIsVisible = 0;
			defaultConfigurationName = Release;
		};
		FBE7B2352F2F304900129B4A /* Build configuration list for PBXNativeTarget "PitchPup" */ = {
			isa = XCConfigurationList;
			buildConfigurations = (
				FBE7B2362F2F304900129B4A /* Debug */,
				FBE7B2372F2F304900129B4A /* Release */,
			);
			defaultConfigurationIsVisible = 0;
			defaultConfigurationName = Release;
		};
		FBE7B2382F2F304900129B4A /* Build configuration list for PBXNativeTarget "PitchPupTests" */ = {
			isa = XCConfigurationList;
			buildConfigurations = (
				FBE7B2392F2F304900129B4A /* Debug */,
				FBE7B23A2F2F304900129B4A /* Release */,
			);
			defaultConfigurationIsVisible = 0;
			defaultConfigurationName = Release;
		};
		FBE7B23B2F2F304900129B4A /* Build configuration list for PBXNativeTarget "PitchPupUITests" */ = {
			isa = XCConfigurationList;
			buildConfigurations = (
				FBE7B23C2F2F304900129B4A /* Debug */,
				FBE7B23D2F2F304900129B4A /* Release */,
			);
			defaultConfigurationIsVisible = 0;
			defaultConfigurationName = Release;
		};
/* End XCConfigurationList section */

/* Begin XCRemoteSwiftPackageReference section */
		FBE7B2422F2F400000129B4A /* XCRemoteSwiftPackageReference "AudioKit" */ = {
			isa = XCRemoteSwiftPackageReference;
			repositoryURL = "https://github.com/AudioKit/AudioKit.git";
			requirement = {
				kind = upToNextMajorVersion;
				minimumVersion = 5.6.0;
			};
		};
		FBE7B2452F2F400100129B4A /* XCRemoteSwiftPackageReference "SoundpipeAudioKit" */ = {
			isa = XCRemoteSwiftPackageReference;
			repositoryURL = "https://github.com/AudioKit/SoundpipeAudioKit.git";
			requirement = {
				kind = upToNextMajorVersion;
				minimumVersion = 5.6.0;
			};
		};
/* End XCRemoteSwiftPackageReference section */

/* Begin XCSwiftPackageProductDependency section */
		FBE7B2412F2F400000129B4A /* AudioKit */ = {
			isa = XCSwiftPackageProductDependency;
			package = FBE7B2422F2F400000129B4A /* XCRemoteSwiftPackageReference "AudioKit" */;
			productName = AudioKit;
		};
		FBE7B2442F2F400100129B4A /* SoundpipeAudioKit */ = {
			isa = XCSwiftPackageProductDependency;
			package = FBE7B2452F2F400100129B4A /* XCRemoteSwiftPackageReference "SoundpipeAudioKit" */;
			productName = SoundpipeAudioKit;
		};
/* End XCSwiftPackageProductDependency section */
	};
	rootObject = FBE7B20C2F2F304800129B4A /* Project object */;
}
